--- 
dependencies: 
- rails: ">= 0"
- rack: ">= 0"
- mysql: ">= 0"
- gravtastic: ">= 2.1.0"
- ruby-debug: ">= 0"
- machinist: ">= 0"
- faker: ">= 0"
- cucumber: ">= 0"
- locator: ">= 0"
- rjb: ">= 0"
- rspec: ">= 2.0.0.a5"
- rspec-rails: ">= 2.0.0.a6"
specs: 
- nokogiri: 
    version: 1.4.1
- rjb: 
    version: 1.2.0
- text-hyphen: 
    version: 1.0.0
- builder: 
    version: 2.1.2
- json_pure: 
    version: 1.2.0
- i18n: 
    version: 0.3.3
- linecache: 
    version: "0.43"
- ruby-debug-base: 
    version: 0.10.3
- bundler: 
    version: 0.9.5
- arel: 
    version: 0.2.1
- activemodel: 
    version: 3.0.0.beta1
    source: 0
- mime-types: 
    version: "1.16"
- mail: 
    version: 2.1.2
- abstract: 
    version: 1.0.0
- erubis: 
    version: 2.6.5
- machinist: 
    version: 1.0.6
- thor: 
    version: 0.13.1
- polyglot: 
    version: 0.3.0
- treetop: 
    version: 1.4.3
- memcache-client: 
    version: 1.7.8
- rack: 
    version: 1.1.0
- rack-test: 
    version: 0.5.3
- webrat: 
    version: 0.7.0
- rack-mount: 
    version: 0.4.7
- actionpack: 
    version: 3.0.0.beta1
    source: 0
- mysql: 
    version: 2.8.1
- rake: 
    version: 0.8.7
- railties: 
    version: 3.0.0.beta1
    source: 0
- diff-lcs: 
    version: 1.1.2
- gravtastic: 
    version: 2.2.0
- columnize: 
    version: 0.3.1
- text-format: 
    version: 1.0.0
- actionmailer: 
    version: 3.0.0.beta1
    source: 0
- activerecord: 
    version: 3.0.0.beta1
    source: 0
- faker: 
    version: 0.3.1
- locator: 
    version: 0.0.3
- tzinfo: 
    version: 0.3.16
- activesupport: 
    version: 3.0.0.beta1
    source: 0
- ruby-debug: 
    version: 0.10.3
- rspec-core: 
    version: 2.0.0.a5
- rspec-expectations: 
    version: 2.0.0.a5
- rspec-mocks: 
    version: 2.0.0.a5
- rspec: 
    version: 2.0.0.a5
- rspec-rails: 
    version: 2.0.0.a6
- activeresource: 
    version: 3.0.0.beta1
    source: 0
- rails: 
    version: 3.0.0.beta1
    source: 0
- term-ansicolor: 
    version: 1.0.4
- cucumber: 
    version: 0.6.2
hash: 609d3383a93a134d8e6904f3b0ddd00df3018643
sources: 
- Git: 
    uri: git://github.com/rails/rails.git
    git: git://github.com/rails/rails.git
    ref: d68f8ba5c303556ecb8625dd146184d68b704e83
- Rubygems: 
    uri: http://gemcutter.org
