--- 
dependencies: 
  fastercsv: 
    group: 
    - :default
    version: ">= 0"
  ruby-debug: 
    group: 
    - :test
    version: ">= 0"
  faker: 
    group: 
    - :test
    version: ">= 0"
  gravtastic: 
    group: 
    - :default
    version: ">= 2.1.0"
  rails: 
    group: 
    - :default
    version: ">= 3.0.0beta1"
  mysql: 
    group: 
    - :test
    version: ">= 2.7"
  machinist: 
    group: 
    - :test
    version: ">= 0"
  rspec: 
    group: 
    - :test
    version: ">= 2.0.0.a5"
  minimal: 
    group: 
    - :default
    version: ">= 0"
  rack: 
    group: 
    - :default
    version: ">= 0"
  rspec-rails: 
    group: 
    - :test
    version: ">= 2.0.0.a6"
  no_peeping_toms: 
    group: 
    - :test
    version: ">= 0"
  rcov: 
    group: 
    - :test
    version: ">= 0"
  devise: 
    group: 
    - :default
    version: ">= 1.1.pre"
  later_dude: 
    group: 
    - :default
    version: ">= 0.3.1"
  cucumber: 
    group: 
    - :test
    version: ">= 0"
  warden: 
    group: 
    - :default
    version: ">= 0"
  steam: 
    group: 
    - :test
    version: ">= 0"
  launchy: 
    group: 
    - :test
    version: ">= 0"
specs: 
- rake: 
    version: 0.8.7
- abstract: 
    version: 1.0.0
- builder: 
    version: 2.1.2
- i18n: 
    version: 0.3.6
- memcache-client: 
    version: 1.7.8
- tzinfo: 
    version: 0.3.18
- activesupport: 
    version: 3.0.0.beta
- activemodel: 
    version: 3.0.0.beta
- erubis: 
    version: 2.6.5
- rack: 
    version: 1.1.0
- rack-mount: 
    version: 0.4.7
- rack-test: 
    version: 0.5.3
- actionpack: 
    version: 3.0.0.beta
- mime-types: 
    version: "1.16"
- polyglot: 
    version: 0.3.1
- treetop: 
    version: 1.4.5
- mail: 
    version: 2.1.5.3
- text-hyphen: 
    version: 1.0.0
- text-format: 
    version: 1.0.0
- actionmailer: 
    version: 3.0.0.beta
- arel: 
    version: 0.2.1
- activerecord: 
    version: 3.0.0.beta
- activeresource: 
    version: 3.0.0.beta
- bundler: 
    version: 0.9.14
- columnize: 
    version: 0.3.1
- configuration: 
    version: 1.1.0
- diff-lcs: 
    version: 1.1.2
- json_pure: 
    version: 1.2.3
- term-ansicolor: 
    version: 1.0.5
- cucumber: 
    version: 0.6.3
- warden: 
    version: 0.9.7
- devise: 
    version: 1.1.pre4
- faker: 
    version: 0.3.1
- fastercsv: 
    version: 1.5.3
- gravtastic: 
    version: 2.2.0
- later_dude: 
    version: 0.3.1
- launchy: 
    version: 0.3.5
- linecache: 
    version: "0.43"
- locator: 
    version: 0.0.5
- machinist: 
    version: 1.0.6
- minimal: 
    version: 0.0.2
- mysql: 
    version: 2.8.1
- no_peeping_toms: 
    version: 1.1.0
- nokogiri: 
    version: 1.4.1
- thor: 
    version: 0.13.4
- railties: 
    version: 3.0.0.beta
- rails: 
    version: 3.0.0.beta
- rcov: 
    version: 0.9.8
- rjb: 
    version: 1.2.0
- rspec-core: 
    version: 2.0.0.beta.4
- rspec-expectations: 
    version: 2.0.0.beta.4
- rspec-mocks: 
    version: 2.0.0.beta.4
- rspec: 
    version: 2.0.0.beta.4
- webrat: 
    version: 0.7.0
- rspec-rails: 
    version: 2.0.0.beta.4
- ruby-debug-base: 
    version: 0.10.3
- ruby-debug: 
    version: 0.10.3
- steam: 
    version: 0.0.3
hash: fe0268474c107b29bffe74b0cfd95c1b4c29fa44
sources: 
- Rubygems: 
    uri: http://gemcutter.org
